
Microsoft Visual Studio Solution File, Format Version 12.00
# Visual Studio Version 17
VisualStudioVersion = 17.2.32505.173
MinimumVisualStudioVersion = 10.0.40219.1
Project("{FAE04EC0-301F-11D3-BF4B-00C04F79EFBC}") = "MathTask", "MathTask\MathTask.csproj", "{30080C4E-767D-4177-AFC1-4AB5C3CFC3A1}"
EndProject
Project("{FAE04EC0-301F-11D3-BF4B-00C04F79EFBC}") = "MathTaskTests", "MathTaskTests\MathTaskTests.csproj", "{404F138D-301A-4591-9B62-F7A7A84289FA}"
EndProject
Global
	GlobalSection(SolutionConfigurationPlatforms) = preSolution
		Debug|Any CPU = Debug|Any CPU
		Release|Any CPU = Release|Any CPU
	EndGlobalSection
	GlobalSection(ProjectConfigurationPlatforms) = postSolution
		{30080C4E-767D-4177-AFC1-4AB5C3CFC3A1}.Debug|Any CPU.ActiveCfg = Debug|Any CPU
		{30080C4E-767D-4177-AFC1-4AB5C3CFC3A1}.Debug|Any CPU.Build.0 = Debug|Any CPU
		{30080C4E-767D-4177-AFC1-4AB5C3CFC3A1}.Release|Any CPU.ActiveCfg = Release|Any CPU
		{30080C4E-767D-4177-AFC1-4AB5C3CFC3A1}.Release|Any CPU.Build.0 = Release|Any CPU
		{404F138D-301A-4591-9B62-F7A7A84289FA}.Debug|Any CPU.ActiveCfg = Debug|Any CPU
		{404F138D-301A-4591-9B62-F7A7A84289FA}.Debug|Any CPU.Build.0 = Debug|Any CPU
		{404F138D-301A-4591-9B62-F7A7A84289FA}.Release|Any CPU.ActiveCfg = Release|Any CPU
		{404F138D-301A-4591-9B62-F7A7A84289FA}.Release|Any CPU.Build.0 = Release|Any CPU
	EndGlobalSection
	GlobalSection(SolutionProperties) = preSolution
		HideSolutionNode = FALSE
	EndGlobalSection
	GlobalSection(ExtensibilityGlobals) = postSolution
		SolutionGuid = {A726DF95-D96D-4475-B280-3EB522085A3E}
	EndGlobalSection
EndGlobal
